
Microsoft Visual Studio Solution File, Format Version 12.00
# Visual Studio Version 17
VisualStudioVersion = 17.11.35327.3
MinimumVisualStudioVersion = 10.0.40219.1
Project("{9A19103F-16F7-4668-BE54-9A1E7A4F7556}") = "EhoMon", "EhoMon.csproj", "{384FC8F1-F795-44E2-B3CB-FA4680B80F0A}"
EndProject
Global
	GlobalSection(SolutionConfigurationPlatforms) = preSolution
		Debug|Any CPU = Debug|Any CPU
		Release|Any CPU = Release|Any CPU
	EndGlobalSection
	GlobalSection(ProjectConfigurationPlatforms) = postSolution
		{384FC8F1-F795-44E2-B3CB-FA4680B80F0A}.Debug|Any CPU.ActiveCfg = Debug|Any CPU
		{384FC8F1-F795-44E2-B3CB-FA4680B80F0A}.Debug|Any CPU.Build.0 = Debug|Any CPU
		{384FC8F1-F795-44E2-B3CB-FA4680B80F0A}.Release|Any CPU.ActiveCfg = Release|Any CPU
		{384FC8F1-F795-44E2-B3CB-FA4680B80F0A}.Release|Any CPU.Build.0 = Release|Any CPU
	EndGlobalSection
	GlobalSection(SolutionProperties) = preSolution
		HideSolutionNode = FALSE
	EndGlobalSection
	GlobalSection(ExtensibilityGlobals) = postSolution
		SolutionGuid = {73D80C48-B3A9-4BDF-891C-5BF2E6FC6E57}
	EndGlobalSection
EndGlobal
